
Microsoft Visual Studio Solution File, Format Version 12.00
# Visual Studio Version 16
VisualStudioVersion = 16.0.31702.278
MinimumVisualStudioVersion = 10.0.40219.1
Project("{FAE04EC0-301F-11D3-BF4B-00C04F79EFBC}") = "IS-3-19-DYCHKOVI", "IS-3-19-DYCHKOVI.csproj", "{0C1AF278-5C34-4023-9481-819CEDFEE1CC}"
EndProject
Project("{FAE04EC0-301F-11D3-BF4B-00C04F79EFBC}") = "GreatLibrary", "..\GreatLibrary\GreatLibrary.csproj", "{239C5F13-DC32-4EA6-80AC-2553E0D22423}"
EndProject
Global
	GlobalSection(SolutionConfigurationPlatforms) = preSolution
		Debug|Any CPU = Debug|Any CPU
		Release|Any CPU = Release|Any CPU
	EndGlobalSection
	GlobalSection(ProjectConfigurationPlatforms) = postSolution
		{0C1AF278-5C34-4023-9481-819CEDFEE1CC}.Debug|Any CPU.ActiveCfg = Debug|Any CPU
		{0C1AF278-5C34-4023-9481-819CEDFEE1CC}.Debug|Any CPU.Build.0 = Debug|Any CPU
		{0C1AF278-5C34-4023-9481-819CEDFEE1CC}.Release|Any CPU.ActiveCfg = Release|Any CPU
		{0C1AF278-5C34-4023-9481-819CEDFEE1CC}.Release|Any CPU.Build.0 = Release|Any CPU
		{239C5F13-DC32-4EA6-80AC-2553E0D22423}.Debug|Any CPU.ActiveCfg = Debug|Any CPU
		{239C5F13-DC32-4EA6-80AC-2553E0D22423}.Debug|Any CPU.Build.0 = Debug|Any CPU
		{239C5F13-DC32-4EA6-80AC-2553E0D22423}.Release|Any CPU.ActiveCfg = Release|Any CPU
		{239C5F13-DC32-4EA6-80AC-2553E0D22423}.Release|Any CPU.Build.0 = Release|Any CPU
	EndGlobalSection
	GlobalSection(SolutionProperties) = preSolution
		HideSolutionNode = FALSE
	EndGlobalSection
	GlobalSection(ExtensibilityGlobals) = postSolution
		SolutionGuid = {599AB189-804D-4496-8DD5-13FB18BB28A6}
	EndGlobalSection
EndGlobal
